
Microsoft Visual Studio Solution File, Format Version 12.00
# Visual Studio Version 17
VisualStudioVersion = 17.4.33403.182
MinimumVisualStudioVersion = 10.0.40219.1
Project("{FAE04EC0-301F-11D3-BF4B-00C04F79EFBC}") = "SuperHeroApi", "SuperHeroApi\SuperHeroApi.csproj", "{846FDF9A-754A-4613-BC80-96CFAEB916DA}"
EndProject
Global
	GlobalSection(SolutionConfigurationPlatforms) = preSolution
		Debug|Any CPU = Debug|Any CPU
		Release|Any CPU = Release|Any CPU
	EndGlobalSection
	GlobalSection(ProjectConfigurationPlatforms) = postSolution
		{846FDF9A-754A-4613-BC80-96CFAEB916DA}.Debug|Any CPU.ActiveCfg = Debug|Any CPU
		{846FDF9A-754A-4613-BC80-96CFAEB916DA}.Debug|Any CPU.Build.0 = Debug|Any CPU
		{846FDF9A-754A-4613-BC80-96CFAEB916DA}.Release|Any CPU.ActiveCfg = Release|Any CPU
		{846FDF9A-754A-4613-BC80-96CFAEB916DA}.Release|Any CPU.Build.0 = Release|Any CPU
	EndGlobalSection
	GlobalSection(SolutionProperties) = preSolution
		HideSolutionNode = FALSE
	EndGlobalSection
	GlobalSection(ExtensibilityGlobals) = postSolution
		SolutionGuid = {A2B8DD44-E845-4405-8F5F-7D0C7BA08345}
	EndGlobalSection
EndGlobal
